// !$*UTF8*$!
{
	archiveVersion = 1;
	classes = {
	};
	objectVersion = 77;
	objects = {

/* Begin PBXContainerItemProxy section */
		F00200000000000000000001 /* PBXContainerItemProxy */ = {
			isa = PBXContainerItemProxy;
			containerPortal = C41DE7663035BBC40076AF9A /* Project object */;
			proxyType = 1;
			remoteGlobalIDString = C41DE76D3035BBC40076AF9A;
			remoteInfo = FamilyOrbit;
		};
		F00200000000000000000002 /* PBXContainerItemProxy */ = {
			isa = PBXContainerItemProxy;
			containerPortal = C41DE7663035BBC40076AF9A /* Project object */;
			proxyType = 1;
			remoteGlobalIDString = C41DE76D3035BBC40076AF9A;
			remoteInfo = FamilyOrbit;
		};
/* End PBXContainerItemProxy section */

/* Begin PBXFileReference section */
		C41DE76E3035BBC40076AF9A /* Family Orbit.app */ = {isa = PBXFileReference; explicitFileType = wrapper.application; includeInIndex = 0; name = "Family Orbit.app"; path = FamilyOrbit.app; sourceTree = BUILT_PRODUCTS_DIR; };
		F00100000000000000000001 /* Family Orbit Link.app */ = {isa = PBXFileReference; explicitFileType = wrapper.application; includeInIndex = 0; name = "Family Orbit Link.app"; path = FamilyOrbitLink.app; sourceTree = BUILT_PRODUCTS_DIR; };
		F00200000000000000000003 /* FamilyOrbitTests.xctest */ = {isa = PBXFileReference; explicitFileType = wrapper.cfbundle; includeInIndex = 0; path = FamilyOrbitTests.xctest; sourceTree = BUILT_PRODUCTS_DIR; };
		F00200000000000000000004 /* FamilyOrbitUITests.xctest */ = {isa = PBXFileReference; explicitFileType = wrapper.cfbundle; includeInIndex = 0; path = FamilyOrbitUITests.xctest; sourceTree = BUILT_PRODUCTS_DIR; };
/* End PBXFileReference section */

/* Begin PBXFileSystemSynchronizedBuildFileExceptionSet section */
		F0010000000000000000000B /* Exceptions for "FamilyOrbitLink" folder in "FamilyOrbitLink" target */ = {
			isa = PBXFileSystemSynchronizedBuildFileExceptionSet;
			membershipExceptions = (
				Info.plist,
			);
			target = F00100000000000000000005 /* FamilyOrbitLink */;
		};
		F00300000000000000000001 /* Exceptions for "ios" folder in "FamilyOrbit" target */ = {
			isa = PBXFileSystemSynchronizedBuildFileExceptionSet;
			membershipExceptions = (
				Info.plist,
			);
			target = C41DE76D3035BBC40076AF9A /* FamilyOrbit */;
		};
/* End PBXFileSystemSynchronizedBuildFileExceptionSet section */

/* Begin PBXFileSystemSynchronizedRootGroup section */
		C41DE7703035BBC40076AF9A /* ios */ = {
			isa = PBXFileSystemSynchronizedRootGroup;
			exceptions = (
				F00300000000000000000001 /* Exceptions for "ios" folder in "FamilyOrbit" target */,
			);
			path = ios;
			sourceTree = "<group>";
		};
		F00100000000000000000002 /* FamilyOrbitLink */ = {
			isa = PBXFileSystemSynchronizedRootGroup;
			exceptions = (
				F0010000000000000000000B /* Exceptions for "FamilyOrbitLink" folder in "FamilyOrbitLink" target */,
			);
			path = FamilyOrbitLink;
			sourceTree = "<group>";
		};
		F00100000000000000000003 /* Shared */ = {
			isa = PBXFileSystemSynchronizedRootGroup;
			path = Shared;
			sourceTree = "<group>";
		};
		F00200000000000000000005 /* FamilyOrbitTests */ = {
			isa = PBXFileSystemSynchronizedRootGroup;
			path = FamilyOrbitTests;
			sourceTree = "<group>";
		};
		F00200000000000000000006 /* FamilyOrbitUITests */ = {
			isa = PBXFileSystemSynchronizedRootGroup;
			path = FamilyOrbitUITests;
			sourceTree = "<group>";
		};
/* End PBXFileSystemSynchronizedRootGroup section */

/* Begin PBXFrameworksBuildPhase section */
		C41DE76B3035BBC40076AF9A /* Frameworks */ = {
			isa = PBXFrameworksBuildPhase;
			buildActionMask = 2147483647;
			files = (
			);
			runOnlyForDeploymentPostprocessing = 0;
		};
		F00100000000000000000004 /* Frameworks */ = {
			isa = PBXFrameworksBuildPhase;
			buildActionMask = 2147483647;
			files = (
			);
			runOnlyForDeploymentPostprocessing = 0;
		};
		F00200000000000000000007 /* Frameworks */ = {
			isa = PBXFrameworksBuildPhase;
			buildActionMask = 2147483647;
			files = (
			);
			runOnlyForDeploymentPostprocessing = 0;
		};
		F00200000000000000000008 /* Frameworks */ = {
			isa = PBXFrameworksBuildPhase;
			buildActionMask = 2147483647;
			files = (
			);
			runOnlyForDeploymentPostprocessing = 0;
		};
/* End PBXFrameworksBuildPhase section */

/* Begin PBXGroup section */
		C41DE7653035BBC40076AF9A = {
			isa = PBXGroup;
			children = (
				C41DE7703035BBC40076AF9A /* ios */,
				F00100000000000000000002 /* FamilyOrbitLink */,
				F00100000000000000000003 /* Shared */,
				F00200000000000000000005 /* FamilyOrbitTests */,
				F00200000000000000000006 /* FamilyOrbitUITests */,
				C41DE76F3035BBC40076AF9A /* Products */,
			);
			sourceTree = "<group>";
		};
		C41DE76F3035BBC40076AF9A /* Products */ = {
			isa = PBXGroup;
			children = (
				C41DE76E3035BBC40076AF9A /* Family Orbit.app */,
				F00100000000000000000001 /* Family Orbit Link.app */,
				F00200000000000000000003 /* FamilyOrbitTests.xctest */,
				F00200000000000000000004 /* FamilyOrbitUITests.xctest */,
			);
			name = Products;
			sourceTree = "<group>";
		};
/* End PBXGroup section */

/* Begin PBXNativeTarget section */
		C41DE76D3035BBC40076AF9A /* FamilyOrbit */ = {
			isa = PBXNativeTarget;
			buildConfigurationList = C41DE7793035BBC50076AF9A /* Build configuration list for PBXNativeTarget "FamilyOrbit" */;
			buildPhases = (
				C41DE76A3035BBC40076AF9A /* Sources */,
				C41DE76B3035BBC40076AF9A /* Frameworks */,
				C41DE76C3035BBC40076AF9A /* Resources */,
			);
			buildRules = (
			);
			dependencies = (
			);
			fileSystemSynchronizedGroups = (
				C41DE7703035BBC40076AF9A /* ios */,
				F00100000000000000000003 /* Shared */,
			);
			name = FamilyOrbit;
			packageProductDependencies = (
			);
			productName = FamilyOrbit;
			productReference = C41DE76E3035BBC40076AF9A /* Family Orbit.app */;
			productType = "com.apple.product-type.application";
		};
		F00100000000000000000005 /* FamilyOrbitLink */ = {
			isa = PBXNativeTarget;
			buildConfigurationList = F0010000000000000000000A /* Build configuration list for PBXNativeTarget "FamilyOrbitLink" */;
			buildPhases = (
				F00100000000000000000006 /* Sources */,
				F00100000000000000000004 /* Frameworks */,
				F00100000000000000000007 /* Resources */,
			);
			buildRules = (
			);
			dependencies = (
			);
			fileSystemSynchronizedGroups = (
				F00100000000000000000002 /* FamilyOrbitLink */,
				F00100000000000000000003 /* Shared */,
			);
			name = FamilyOrbitLink;
			packageProductDependencies = (
			);
			productName = FamilyOrbitLink;
			productReference = F00100000000000000000001 /* Family Orbit Link.app */;
			productType = "com.apple.product-type.application";
		};
		F00200000000000000000009 /* FamilyOrbitTests */ = {
			isa = PBXNativeTarget;
			buildConfigurationList = F00200000000000000000010 /* Build configuration list for PBXNativeTarget "FamilyOrbitTests" */;
			buildPhases = (
				F00200000000000000000011 /* Sources */,
				F00200000000000000000007 /* Frameworks */,
				F00200000000000000000012 /* Resources */,
			);
			buildRules = (
			);
			dependencies = (
				F00200000000000000000013 /* PBXTargetDependency */,
			);
			fileSystemSynchronizedGroups = (
				F00200000000000000000005 /* FamilyOrbitTests */,
			);
			name = FamilyOrbitTests;
			packageProductDependencies = (
			);
			productName = FamilyOrbitTests;
			productReference = F00200000000000000000003 /* FamilyOrbitTests.xctest */;
			productType = "com.apple.product-type.bundle.unit-test";
		};
		F00200000000000000000014 /* FamilyOrbitUITests */ = {
			isa = PBXNativeTarget;
			buildConfigurationList = F00200000000000000000015 /* Build configuration list for PBXNativeTarget "FamilyOrbitUITests" */;
			buildPhases = (
				F00200000000000000000016 /* Sources */,
				F00200000000000000000008 /* Frameworks */,
				F00200000000000000000017 /* Resources */,
			);
			buildRules = (
			);
			dependencies = (
				F00200000000000000000018 /* PBXTargetDependency */,
			);
			fileSystemSynchronizedGroups = (
				F00200000000000000000006 /* FamilyOrbitUITests */,
			);
			name = FamilyOrbitUITests;
			packageProductDependencies = (
			);
			productName = FamilyOrbitUITests;
			productReference = F00200000000000000000004 /* FamilyOrbitUITests.xctest */;
			productType = "com.apple.product-type.bundle.ui-testing";
		};
/* End PBXNativeTarget section */

/* Begin PBXProject section */
		C41DE7663035BBC40076AF9A /* Project object */ = {
			isa = PBXProject;
			attributes = {
				BuildIndependentTargetsInParallel = 1;
				LastSwiftUpdateCheck = 2660;
				LastUpgradeCheck = 2660;
				TargetAttributes = {
					C41DE76D3035BBC40076AF9A = {
						CreatedOnToolsVersion = 26.6;
					};
					F00100000000000000000005 = {
						CreatedOnToolsVersion = 26.6;
					};
					F00200000000000000000009 = {
						CreatedOnToolsVersion = 26.6;
						TestTargetID = C41DE76D3035BBC40076AF9A;
					};
					F00200000000000000000014 = {
						CreatedOnToolsVersion = 26.6;
						TestTargetID = C41DE76D3035BBC40076AF9A;
					};
				};
			};
			buildConfigurationList = C41DE7693035BBC40076AF9A /* Build configuration list for PBXProject "ios" */;
			developmentRegion = en;
			hasScannedForEncodings = 0;
			knownRegions = (
				en,
				Base,
			);
			mainGroup = C41DE7653035BBC40076AF9A;
			minimizedProjectReferenceProxies = 1;
			preferredProjectObjectVersion = 77;
			productRefGroup = C41DE76F3035BBC40076AF9A /* Products */;
			projectDirPath = "";
			projectRoot = "";
			targets = (
				C41DE76D3035BBC40076AF9A /* FamilyOrbit */,
				F00100000000000000000005 /* FamilyOrbitLink */,
				F00200000000000000000009 /* FamilyOrbitTests */,
				F00200000000000000000014 /* FamilyOrbitUITests */,
			);
		};
/* End PBXProject section */

/* Begin PBXResourcesBuildPhase section */
		C41DE76C3035BBC40076AF9A /* Resources */ = {
			isa = PBXResourcesBuildPhase;
			buildActionMask = 2147483647;
			files = (
			);
			runOnlyForDeploymentPostprocessing = 0;
		};
		F00100000000000000000007 /* Resources */ = {
			isa = PBXResourcesBuildPhase;
			buildActionMask = 2147483647;
			files = (
			);
			runOnlyForDeploymentPostprocessing = 0;
		};
		F00200000000000000000012 /* Resources */ = {
			isa = PBXResourcesBuildPhase;
			buildActionMask = 2147483647;
			files = (
			);
			runOnlyForDeploymentPostprocessing = 0;
		};
		F00200000000000000000017 /* Resources */ = {
			isa = PBXResourcesBuildPhase;
			buildActionMask = 2147483647;
			files = (
			);
			runOnlyForDeploymentPostprocessing = 0;
		};
/* End PBXResourcesBuildPhase section */

/* Begin PBXSourcesBuildPhase section */
		C41DE76A3035BBC40076AF9A /* Sources */ = {
			isa = PBXSourcesBuildPhase;
			buildActionMask = 2147483647;
			files = (
			);
			runOnlyForDeploymentPostprocessing = 0;
		};
		F00100000000000000000006 /* Sources */ = {
			isa = PBXSourcesBuildPhase;
			buildActionMask = 2147483647;
			files = (
			);
			runOnlyForDeploymentPostprocessing = 0;
		};
		F00200000000000000000011 /* Sources */ = {
			isa = PBXSourcesBuildPhase;
			buildActionMask = 2147483647;
			files = (
			);
			runOnlyForDeploymentPostprocessing = 0;
		};
		F00200000000000000000016 /* Sources */ = {
			isa = PBXSourcesBuildPhase;
			buildActionMask = 2147483647;
			files = (
			);
			runOnlyForDeploymentPostprocessing = 0;
		};
/* End PBXSourcesBuildPhase section */

/* Begin PBXTargetDependency section */
		F00200000000000000000013 /* PBXTargetDependency */ = {
			isa = PBXTargetDependency;
			target = C41DE76D3035BBC40076AF9A /* FamilyOrbit */;
			targetProxy = F00200000000000000000001 /* PBXContainerItemProxy */;
		};
		F00200000000000000000018 /* PBXTargetDependency */ = {
			isa = PBXTargetDependency;
			target = C41DE76D3035BBC40076AF9A /* FamilyOrbit */;
			targetProxy = F00200000000000000000002 /* PBXContainerItemProxy */;
		};
/* End PBXTargetDependency section */

/* Begin XCBuildConfiguration section */
		C41DE7773035BBC50076AF9A /* Debug */ = {
			isa = XCBuildConfiguration;
			buildSettings = {
				ALWAYS_SEARCH_USER_PATHS = NO;
				ASSETCATALOG_COMPILER_GENERATE_SWIFT_ASSET_SYMBOL_EXTENSIONS = YES;
				CLANG_ANALYZER_NONNULL = YES;
				CLANG_ANALYZER_NUMBER_OBJECT_CONVERSION = YES_AGGRESSIVE;
				CLANG_CXX_LANGUAGE_STANDARD = "gnu++20";
				CLANG_ENABLE_MODULES = YES;
				CLANG_ENABLE_OBJC_ARC = YES;
				CLANG_ENABLE_OBJC_WEAK = YES;
				CLANG_WARN_BLOCK_CAPTURE_AUTORELEASING = YES;
				CLANG_WARN_BOOL_CONVERSION = YES;
				CLANG_WARN_COMMA = YES;
				CLANG_WARN_CONSTANT_CONVERSION = YES;
				CLANG_WARN_DEPRECATED_OBJC_IMPLEMENTATIONS = YES;
				CLANG_WARN_DIRECT_OBJC_ISA_USAGE = YES_ERROR;
				CLANG_WARN_DOCUMENTATION_COMMENTS = YES;
				CLANG_WARN_EMPTY_BODY = YES;
				CLANG_WARN_ENUM_CONVERSION = YES;
				CLANG_WARN_INFINITE_RECURSION = YES;
				CLANG_WARN_INT_CONVERSION = YES;
				CLANG_WARN_NON_LITERAL_NULL_CONVERSION = YES;
				CLANG_WARN_OBJC_IMPLICIT_RETAIN_SELF = YES;
				CLANG_WARN_OBJC_LITERAL_CONVERSION = YES;
				CLANG_WARN_OBJC_ROOT_CLASS = YES_ERROR;
				CLANG_WARN_QUOTED_INCLUDE_IN_FRAMEWORK_HEADER = YES;
				CLANG_WARN_RANGE_LOOP_ANALYSIS = YES;
				CLANG_WARN_STRICT_PROTOTYPES = YES;
				CLANG_WARN_SUSPICIOUS_MOVE = YES;
				CLANG_WARN_UNGUARDED_AVAILABILITY = YES_AGGRESSIVE;
				CLANG_WARN_UNREACHABLE_CODE = YES;
				CLANG_WARN__DUPLICATE_METHOD_MATCH = YES;
				COPY_PHASE_STRIP = NO;
				DEBUG_INFORMATION_FORMAT = dwarf;
				ENABLE_STRICT_OBJC_MSGSEND = YES;
				ENABLE_TESTABILITY = YES;
				ENABLE_USER_SCRIPT_SANDBOXING = YES;
				GCC_C_LANGUAGE_STANDARD = gnu17;
				GCC_DYNAMIC_NO_PIC = NO;
				GCC_NO_COMMON_BLOCKS = YES;
				GCC_OPTIMIZATION_LEVEL = 0;
				GCC_PREPROCESSOR_DEFINITIONS = (
					"DEBUG=1",
					"$(inherited)",
				);
				GCC_WARN_64_TO_32_BIT_CONVERSION = YES;
				GCC_WARN_ABOUT_RETURN_TYPE = YES_ERROR;
				GCC_WARN_UNDECLARED_SELECTOR = YES;
				GCC_WARN_UNINITIALIZED_AUTOS = YES_AGGRESSIVE;
				GCC_WARN_UNUSED_FUNCTION = YES;
				GCC_WARN_UNUSED_VARIABLE = YES;
				LOCALIZATION_PREFERS_STRING_CATALOGS = YES;
				MTL_ENABLE_DEBUG_INFO = INCLUDE_SOURCE;
				MTL_FAST_MATH = YES;
				ONLY_ACTIVE_ARCH = YES;
				SWIFT_ACTIVE_COMPILATION_CONDITIONS = "DEBUG $(inherited)";
				SWIFT_OPTIMIZATION_LEVEL = "-Onone";
			};
			name = Debug;
		};
		C41DE7783035BBC50076AF9A /* Release */ = {
			isa = XCBuildConfiguration;
			buildSettings = {
				ALWAYS_SEARCH_USER_PATHS = NO;
				ASSETCATALOG_COMPILER_GENERATE_SWIFT_ASSET_SYMBOL_EXTENSIONS = YES;
				CLANG_ANALYZER_NONNULL = YES;
				CLANG_ANALYZER_NUMBER_OBJECT_CONVERSION = YES_AGGRESSIVE;
				CLANG_CXX_LANGUAGE_STANDARD = "gnu++20";
				CLANG_ENABLE_MODULES = YES;
				CLANG_ENABLE_OBJC_ARC = YES;
				CLANG_ENABLE_OBJC_WEAK = YES;
				CLANG_WARN_BLOCK_CAPTURE_AUTORELEASING = YES;
				CLANG_WARN_BOOL_CONVERSION = YES;
				CLANG_WARN_COMMA = YES;
				CLANG_WARN_CONSTANT_CONVERSION = YES;
				CLANG_WARN_DEPRECATED_OBJC_IMPLEMENTATIONS = YES;
				CLANG_WARN_DIRECT_OBJC_ISA_USAGE = YES_ERROR;
				CLANG_WARN_DOCUMENTATION_COMMENTS = YES;
				CLANG_WARN_EMPTY_BODY = YES;
				CLANG_WARN_ENUM_CONVERSION = YES;
				CLANG_WARN_INFINITE_RECURSION = YES;
				CLANG_WARN_INT_CONVERSION = YES;
				CLANG_WARN_NON_LITERAL_NULL_CONVERSION = YES;
				CLANG_WARN_OBJC_IMPLICIT_RETAIN_SELF = YES;
				CLANG_WARN_OBJC_LITERAL_CONVERSION = YES;
				CLANG_WARN_OBJC_ROOT_CLASS = YES_ERROR;
				CLANG_WARN_QUOTED_INCLUDE_IN_FRAMEWORK_HEADER = YES;
				CLANG_WARN_RANGE_LOOP_ANALYSIS = YES;
				CLANG_WARN_STRICT_PROTOTYPES = YES;
				CLANG_WARN_SUSPICIOUS_MOVE = YES;
				CLANG_WARN_UNGUARDED_AVAILABILITY = YES_AGGRESSIVE;
				CLANG_WARN_UNREACHABLE_CODE = YES;
				CLANG_WARN__DUPLICATE_METHOD_MATCH = YES;
				COPY_PHASE_STRIP = NO;
				DEBUG_INFORMATION_FORMAT = "dwarf-with-dsym";
				ENABLE_NS_ASSERTIONS = NO;
				ENABLE_STRICT_OBJC_MSGSEND = YES;
				ENABLE_USER_SCRIPT_SANDBOXING = YES;
				GCC_C_LANGUAGE_STANDARD = gnu17;
				GCC_NO_COMMON_BLOCKS = YES;
				GCC_WARN_64_TO_32_BIT_CONVERSION = YES;
				GCC_WARN_ABOUT_RETURN_TYPE = YES_ERROR;
				GCC_WARN_UNDECLARED_SELECTOR = YES;
				GCC_WARN_UNINITIALIZED_AUTOS = YES_AGGRESSIVE;
				GCC_WARN_UNUSED_FUNCTION = YES;
				GCC_WARN_UNUSED_VARIABLE = YES;
				LOCALIZATION_PREFERS_STRING_CATALOGS = YES;
				MTL_ENABLE_DEBUG_INFO = NO;
				MTL_FAST_MATH = YES;
				SWIFT_COMPILATION_MODE = wholemodule;
			};
			name = Release;
		};
		C41DE77A3035BBC50076AF9A /* Debug */ = {
			isa = XCBuildConfiguration;
			buildSettings = {
				APS_ENVIRONMENT = development;
				ASSETCATALOG_COMPILER_APPICON_NAME = AppIcon;
				ASSETCATALOG_COMPILER_GLOBAL_ACCENT_COLOR_NAME = AccentColor;
				CODE_SIGN_ENTITLEMENTS = ios/FamilyOrbit.entitlements;
				CODE_SIGN_STYLE = Automatic;
				CURRENT_PROJECT_VERSION = 1;
				ENABLE_PREVIEWS = YES;
				FAMILY_ORBIT_API_URL = "http://127.0.0.1:4000/api/v1";
				GENERATE_INFOPLIST_FILE = NO;
				INFOPLIST_FILE = ios/Info.plist;
				INFOPLIST_KEY_CFBundleDisplayName = "Family Orbit";
				INFOPLIST_KEY_FAMILY_ORBIT_API_URL = "http://127.0.0.1:4000/api/v1";
				"INFOPLIST_KEY_UIApplicationSceneManifest_Generation[sdk=iphoneos*]" = YES;
				"INFOPLIST_KEY_UIApplicationSceneManifest_Generation[sdk=iphonesimulator*]" = YES;
				"INFOPLIST_KEY_UIApplicationSupportsIndirectInputEvents[sdk=iphoneos*]" = YES;
				"INFOPLIST_KEY_UIApplicationSupportsIndirectInputEvents[sdk=iphonesimulator*]" = YES;
				"INFOPLIST_KEY_UILaunchScreen_Generation[sdk=iphoneos*]" = YES;
				"INFOPLIST_KEY_UILaunchScreen_Generation[sdk=iphonesimulator*]" = YES;
				"INFOPLIST_KEY_UIStatusBarStyle[sdk=iphoneos*]" = UIStatusBarStyleDefault;
				"INFOPLIST_KEY_UIStatusBarStyle[sdk=iphonesimulator*]" = UIStatusBarStyleDefault;
				INFOPLIST_KEY_UISupportedInterfaceOrientations_iPad = "UIInterfaceOrientationPortrait UIInterfaceOrientationPortraitUpsideDown UIInterfaceOrientationLandscapeLeft UIInterfaceOrientationLandscapeRight";
				INFOPLIST_KEY_UISupportedInterfaceOrientations_iPhone = "UIInterfaceOrientationPortrait UIInterfaceOrientationLandscapeLeft UIInterfaceOrientationLandscapeRight";
				IPHONEOS_DEPLOYMENT_TARGET = 17.0;
				LD_RUNPATH_SEARCH_PATHS = "@executable_path/Frameworks";
				MARKETING_VERSION = 0.1.0;
				PRODUCT_BUNDLE_IDENTIFIER = com.tracking.familyorbit;
				PRODUCT_NAME = "$(TARGET_NAME)";
				SDKROOT = iphoneos;
				STRING_CATALOG_GENERATE_SYMBOLS = YES;
				SUPPORTED_PLATFORMS = "iphoneos iphonesimulator";
				SWIFT_APPROACHABLE_CONCURRENCY = YES;
				SWIFT_DEFAULT_ACTOR_ISOLATION = MainActor;
				SWIFT_EMIT_LOC_STRINGS = YES;
				SWIFT_UPCOMING_FEATURE_MEMBER_IMPORT_VISIBILITY = YES;
				SWIFT_VERSION = 5.0;
				TARGETED_DEVICE_FAMILY = "1,2";
			};
			name = Debug;
		};
		C41DE77B3035BBC50076AF9A /* Release */ = {
			isa = XCBuildConfiguration;
			buildSettings = {
				APS_ENVIRONMENT = production;
				ASSETCATALOG_COMPILER_APPICON_NAME = AppIcon;
				ASSETCATALOG_COMPILER_GLOBAL_ACCENT_COLOR_NAME = AccentColor;
				CODE_SIGN_ENTITLEMENTS = ios/FamilyOrbit.entitlements;
				CODE_SIGN_STYLE = Automatic;
				CURRENT_PROJECT_VERSION = 1;
				ENABLE_PREVIEWS = YES;
				FAMILY_ORBIT_API_URL = "https://family.example.jp/api/v1";
				GENERATE_INFOPLIST_FILE = NO;
				INFOPLIST_FILE = ios/Info.plist;
				INFOPLIST_KEY_CFBundleDisplayName = "Family Orbit";
				INFOPLIST_KEY_FAMILY_ORBIT_API_URL = "https://family.example.jp/api/v1";
				"INFOPLIST_KEY_UIApplicationSceneManifest_Generation[sdk=iphoneos*]" = YES;
				"INFOPLIST_KEY_UIApplicationSceneManifest_Generation[sdk=iphonesimulator*]" = YES;
				"INFOPLIST_KEY_UIApplicationSupportsIndirectInputEvents[sdk=iphoneos*]" = YES;
				"INFOPLIST_KEY_UIApplicationSupportsIndirectInputEvents[sdk=iphonesimulator*]" = YES;
				"INFOPLIST_KEY_UILaunchScreen_Generation[sdk=iphoneos*]" = YES;
				"INFOPLIST_KEY_UILaunchScreen_Generation[sdk=iphonesimulator*]" = YES;
				"INFOPLIST_KEY_UIStatusBarStyle[sdk=iphoneos*]" = UIStatusBarStyleDefault;
				"INFOPLIST_KEY_UIStatusBarStyle[sdk=iphonesimulator*]" = UIStatusBarStyleDefault;
				INFOPLIST_KEY_UISupportedInterfaceOrientations_iPad = "UIInterfaceOrientationPortrait UIInterfaceOrientationPortraitUpsideDown UIInterfaceOrientationLandscapeLeft UIInterfaceOrientationLandscapeRight";
				INFOPLIST_KEY_UISupportedInterfaceOrientations_iPhone = "UIInterfaceOrientationPortrait UIInterfaceOrientationLandscapeLeft UIInterfaceOrientationLandscapeRight";
				IPHONEOS_DEPLOYMENT_TARGET = 17.0;
				LD_RUNPATH_SEARCH_PATHS = "@executable_path/Frameworks";
				MARKETING_VERSION = 0.1.0;
				PRODUCT_BUNDLE_IDENTIFIER = com.tracking.familyorbit;
				PRODUCT_NAME = "$(TARGET_NAME)";
				SDKROOT = iphoneos;
				STRING_CATALOG_GENERATE_SYMBOLS = YES;
				SUPPORTED_PLATFORMS = "iphoneos iphonesimulator";
				SWIFT_APPROACHABLE_CONCURRENCY = YES;
				SWIFT_DEFAULT_ACTOR_ISOLATION = MainActor;
				SWIFT_EMIT_LOC_STRINGS = YES;
				SWIFT_UPCOMING_FEATURE_MEMBER_IMPORT_VISIBILITY = YES;
				SWIFT_VERSION = 5.0;
				TARGETED_DEVICE_FAMILY = "1,2";
			};
			name = Release;
		};
		F00100000000000000000008 /* Debug */ = {
			isa = XCBuildConfiguration;
			buildSettings = {
				APS_ENVIRONMENT = development;
				ASSETCATALOG_COMPILER_APPICON_NAME = AppIcon;
				CODE_SIGN_ENTITLEMENTS = FamilyOrbitLink/FamilyOrbitLink.entitlements;
				CODE_SIGN_STYLE = Automatic;
				CURRENT_PROJECT_VERSION = 1;
				ENABLE_PREVIEWS = YES;
				FAMILY_ORBIT_API_URL = "http://127.0.0.1:4000/api/v1";
				GENERATE_INFOPLIST_FILE = NO;
				INFOPLIST_FILE = FamilyOrbitLink/Info.plist;
				INFOPLIST_KEY_CFBundleDisplayName = "Family Orbit Link";
				INFOPLIST_KEY_FAMILY_ORBIT_API_URL = "http://127.0.0.1:4000/api/v1";
				INFOPLIST_KEY_NSAppTransportSecurity_NSAllowsLocalNetworking = YES;
				INFOPLIST_KEY_NSLocationAlwaysAndWhenInUseUsageDescription = "画面を閉じている間も、接続した家族へ現在地を共有するために使用します。";
				INFOPLIST_KEY_NSLocationWhenInUseUsageDescription = "接続した家族へ現在地を共有するために使用します。";
				INFOPLIST_KEY_UIApplicationSceneManifest_Generation = YES;
				INFOPLIST_KEY_UIBackgroundModes = "location remote-notification";
				INFOPLIST_KEY_UILaunchScreen_Generation = YES;
				IPHONEOS_DEPLOYMENT_TARGET = 17.0;
				LD_RUNPATH_SEARCH_PATHS = "@executable_path/Frameworks";
				MARKETING_VERSION = 0.1.0;
				PRODUCT_BUNDLE_IDENTIFIER = com.tracking.familyorbit.link;
				PRODUCT_NAME = "$(TARGET_NAME)";
				SDKROOT = iphoneos;
				SUPPORTED_PLATFORMS = "iphoneos iphonesimulator";
				SWIFT_EMIT_LOC_STRINGS = YES;
				SWIFT_VERSION = 5.0;
				TARGETED_DEVICE_FAMILY = "1,2";
			};
			name = Debug;
		};
		F00100000000000000000009 /* Release */ = {
			isa = XCBuildConfiguration;
			buildSettings = {
				APS_ENVIRONMENT = production;
				ASSETCATALOG_COMPILER_APPICON_NAME = AppIcon;
				CODE_SIGN_ENTITLEMENTS = FamilyOrbitLink/FamilyOrbitLink.entitlements;
				CODE_SIGN_STYLE = Automatic;
				CURRENT_PROJECT_VERSION = 1;
				ENABLE_PREVIEWS = YES;
				FAMILY_ORBIT_API_URL = "https://family.example.jp/api/v1";
				GENERATE_INFOPLIST_FILE = NO;
				INFOPLIST_FILE = FamilyOrbitLink/Info.plist;
				INFOPLIST_KEY_CFBundleDisplayName = "Family Orbit Link";
				INFOPLIST_KEY_FAMILY_ORBIT_API_URL = "https://family.example.jp/api/v1";
				INFOPLIST_KEY_NSLocationAlwaysAndWhenInUseUsageDescription = "画面を閉じている間も、接続した家族へ現在地を共有するために使用します。";
				INFOPLIST_KEY_NSLocationWhenInUseUsageDescription = "接続した家族へ現在地を共有するために使用します。";
				INFOPLIST_KEY_UIApplicationSceneManifest_Generation = YES;
				INFOPLIST_KEY_UIBackgroundModes = "location remote-notification";
				INFOPLIST_KEY_UILaunchScreen_Generation = YES;
				IPHONEOS_DEPLOYMENT_TARGET = 17.0;
				LD_RUNPATH_SEARCH_PATHS = "@executable_path/Frameworks";
				MARKETING_VERSION = 0.1.0;
				PRODUCT_BUNDLE_IDENTIFIER = com.tracking.familyorbit.link;
				PRODUCT_NAME = "$(TARGET_NAME)";
				SDKROOT = iphoneos;
				SUPPORTED_PLATFORMS = "iphoneos iphonesimulator";
				SWIFT_EMIT_LOC_STRINGS = YES;
				SWIFT_VERSION = 5.0;
				TARGETED_DEVICE_FAMILY = "1,2";
			};
			name = Release;
		};
		F00200000000000000000019 /* Debug */ = {
			isa = XCBuildConfiguration;
			buildSettings = {
				BUNDLE_LOADER = "$(TEST_HOST)";
				CODE_SIGN_STYLE = Automatic;
				GENERATE_INFOPLIST_FILE = YES;
				IPHONEOS_DEPLOYMENT_TARGET = 17.0;
				PRODUCT_BUNDLE_IDENTIFIER = com.tracking.familyorbit.tests;
				PRODUCT_NAME = "$(TARGET_NAME)";
				SDKROOT = iphoneos;
				SUPPORTED_PLATFORMS = "iphoneos iphonesimulator";
				SWIFT_VERSION = 5.0;
				TARGETED_DEVICE_FAMILY = "1,2";
				TEST_HOST = "$(BUILT_PRODUCTS_DIR)/FamilyOrbit.app/$(BUNDLE_EXECUTABLE_FOLDER_PATH)/FamilyOrbit";
			};
			name = Debug;
		};
		F00200000000000000000020 /* Release */ = {
			isa = XCBuildConfiguration;
			buildSettings = {
				BUNDLE_LOADER = "$(TEST_HOST)";
				CODE_SIGN_STYLE = Automatic;
				GENERATE_INFOPLIST_FILE = YES;
				IPHONEOS_DEPLOYMENT_TARGET = 17.0;
				PRODUCT_BUNDLE_IDENTIFIER = com.tracking.familyorbit.tests;
				PRODUCT_NAME = "$(TARGET_NAME)";
				SDKROOT = iphoneos;
				SUPPORTED_PLATFORMS = "iphoneos iphonesimulator";
				SWIFT_VERSION = 5.0;
				TARGETED_DEVICE_FAMILY = "1,2";
				TEST_HOST = "$(BUILT_PRODUCTS_DIR)/FamilyOrbit.app/$(BUNDLE_EXECUTABLE_FOLDER_PATH)/FamilyOrbit";
			};
			name = Release;
		};
		F00200000000000000000021 /* Debug */ = {
			isa = XCBuildConfiguration;
			buildSettings = {
				CODE_SIGN_STYLE = Automatic;
				GENERATE_INFOPLIST_FILE = YES;
				IPHONEOS_DEPLOYMENT_TARGET = 17.0;
				PRODUCT_BUNDLE_IDENTIFIER = com.tracking.familyorbit.uitests;
				PRODUCT_NAME = "$(TARGET_NAME)";
				SDKROOT = iphoneos;
				SUPPORTED_PLATFORMS = "iphoneos iphonesimulator";
				SWIFT_VERSION = 5.0;
				TARGETED_DEVICE_FAMILY = "1,2";
				TEST_TARGET_NAME = FamilyOrbit;
			};
			name = Debug;
		};
		F00200000000000000000022 /* Release */ = {
			isa = XCBuildConfiguration;
			buildSettings = {
				CODE_SIGN_STYLE = Automatic;
				GENERATE_INFOPLIST_FILE = YES;
				IPHONEOS_DEPLOYMENT_TARGET = 17.0;
				PRODUCT_BUNDLE_IDENTIFIER = com.tracking.familyorbit.uitests;
				PRODUCT_NAME = "$(TARGET_NAME)";
				SDKROOT = iphoneos;
				SUPPORTED_PLATFORMS = "iphoneos iphonesimulator";
				SWIFT_VERSION = 5.0;
				TARGETED_DEVICE_FAMILY = "1,2";
				TEST_TARGET_NAME = FamilyOrbit;
			};
			name = Release;
		};
/* End XCBuildConfiguration section */

/* Begin XCConfigurationList section */
		C41DE7693035BBC40076AF9A /* Build configuration list for PBXProject "ios" */ = {
			isa = XCConfigurationList;
			buildConfigurations = (
				C41DE7773035BBC50076AF9A /* Debug */,
				C41DE7783035BBC50076AF9A /* Release */,
			);
			defaultConfigurationIsVisible = 0;
			defaultConfigurationName = Release;
		};
		C41DE7793035BBC50076AF9A /* Build configuration list for PBXNativeTarget "FamilyOrbit" */ = {
			isa = XCConfigurationList;
			buildConfigurations = (
				C41DE77A3035BBC50076AF9A /* Debug */,
				C41DE77B3035BBC50076AF9A /* Release */,
			);
			defaultConfigurationIsVisible = 0;
			defaultConfigurationName = Release;
		};
		F0010000000000000000000A /* Build configuration list for PBXNativeTarget "FamilyOrbitLink" */ = {
			isa = XCConfigurationList;
			buildConfigurations = (
				F00100000000000000000008 /* Debug */,
				F00100000000000000000009 /* Release */,
			);
			defaultConfigurationIsVisible = 0;
			defaultConfigurationName = Release;
		};
		F00200000000000000000010 /* Build configuration list for PBXNativeTarget "FamilyOrbitTests" */ = {
			isa = XCConfigurationList;
			buildConfigurations = (
				F00200000000000000000019 /* Debug */,
				F00200000000000000000020 /* Release */,
			);
			defaultConfigurationIsVisible = 0;
			defaultConfigurationName = Release;
		};
		F00200000000000000000015 /* Build configuration list for PBXNativeTarget "FamilyOrbitUITests" */ = {
			isa = XCConfigurationList;
			buildConfigurations = (
				F00200000000000000000021 /* Debug */,
				F00200000000000000000022 /* Release */,
			);
			defaultConfigurationIsVisible = 0;
			defaultConfigurationName = Release;
		};
/* End XCConfigurationList section */
	};
	rootObject = C41DE7663035BBC40076AF9A /* Project object */;
}
